
Microsoft Visual Studio Solution File, Format Version 12.00
# Visual Studio Version 17
VisualStudioVersion = 17.9.34723.18
MinimumVisualStudioVersion = 10.0.40219.1
Project("{FAE04EC0-301F-11D3-BF4B-00C04F79EFBC}") = "ApiStarter", "ApiStarter\ApiStarter.csproj", "{25251973-5754-4ADA-9EFD-D9914976D47E}"
EndProject
Project("{FAE04EC0-301F-11D3-BF4B-00C04F79EFBC}") = "BaseStarter", "BaseStarter\BaseStarter.csproj", "{F83A2B52-0DD9-4674-AFD7-E1618E0E9864}"
EndProject
Global
	GlobalSection(SolutionConfigurationPlatforms) = preSolution
		Debug|Any CPU = Debug|Any CPU
		Release|Any CPU = Release|Any CPU
	EndGlobalSection
	GlobalSection(ProjectConfigurationPlatforms) = postSolution
		{25251973-5754-4ADA-9EFD-D9914976D47E}.Debug|Any CPU.ActiveCfg = Debug|Any CPU
		{25251973-5754-4ADA-9EFD-D9914976D47E}.Debug|Any CPU.Build.0 = Debug|Any CPU
		{25251973-5754-4ADA-9EFD-D9914976D47E}.Release|Any CPU.ActiveCfg = Release|Any CPU
		{25251973-5754-4ADA-9EFD-D9914976D47E}.Release|Any CPU.Build.0 = Release|Any CPU
		{F83A2B52-0DD9-4674-AFD7-E1618E0E9864}.Debug|Any CPU.ActiveCfg = Debug|Any CPU
		{F83A2B52-0DD9-4674-AFD7-E1618E0E9864}.Debug|Any CPU.Build.0 = Debug|Any CPU
		{F83A2B52-0DD9-4674-AFD7-E1618E0E9864}.Release|Any CPU.ActiveCfg = Release|Any CPU
		{F83A2B52-0DD9-4674-AFD7-E1618E0E9864}.Release|Any CPU.Build.0 = Release|Any CPU
	EndGlobalSection
	GlobalSection(SolutionProperties) = preSolution
		HideSolutionNode = FALSE
	EndGlobalSection
	GlobalSection(ExtensibilityGlobals) = postSolution
		SolutionGuid = {A2ECCFAB-7282-429F-ABFE-3AA7594A01C8}
	EndGlobalSection
EndGlobal
